
Microsoft Visual Studio Solution File, Format Version 12.00
# Visual Studio 15
VisualStudioVersion = 15.0.26730.16
MinimumVisualStudioVersion = 10.0.40219.1
Project("{FAE04EC0-301F-11D3-BF4B-00C04F79EFBC}") = "ChallengeSimpleCalculator", "ChallengeSimpleCalculator\ChallengeSimpleCalculator.csproj", "{B450F009-7BF7-46B0-BC25-9B6B26917698}"
EndProject
Global
	GlobalSection(SolutionConfigurationPlatforms) = preSolution
		Debug|Any CPU = Debug|Any CPU
		Release|Any CPU = Release|Any CPU
	EndGlobalSection
	GlobalSection(ProjectConfigurationPlatforms) = postSolution
		{B450F009-7BF7-46B0-BC25-9B6B26917698}.Debug|Any CPU.ActiveCfg = Debug|Any CPU
		{B450F009-7BF7-46B0-BC25-9B6B26917698}.Debug|Any CPU.Build.0 = Debug|Any CPU
		{B450F009-7BF7-46B0-BC25-9B6B26917698}.Release|Any CPU.ActiveCfg = Release|Any CPU
		{B450F009-7BF7-46B0-BC25-9B6B26917698}.Release|Any CPU.Build.0 = Release|Any CPU
	EndGlobalSection
	GlobalSection(SolutionProperties) = preSolution
		HideSolutionNode = FALSE
	EndGlobalSection
	GlobalSection(ExtensibilityGlobals) = postSolution
		SolutionGuid = {F46DA95B-337F-4985-8F55-C13E045A6E9A}
	EndGlobalSection
EndGlobal
