
Microsoft Visual Studio Solution File, Format Version 12.00
# Visual Studio 15
VisualStudioVersion = 15.0.26730.16
MinimumVisualStudioVersion = 10.0.40219.1
Project("{FAE04EC0-301F-11D3-BF4B-00C04F79EFBC}") = "ChallengePostalCalculatorHelperMethods", "ChallengePostalCalculatorHelperMethods\ChallengePostalCalculatorHelperMethods.csproj", "{BBA7661B-7F58-4DA5-BA5F-4B51A8326001}"
EndProject
Global
	GlobalSection(SolutionConfigurationPlatforms) = preSolution
		Debug|Any CPU = Debug|Any CPU
		Release|Any CPU = Release|Any CPU
	EndGlobalSection
	GlobalSection(ProjectConfigurationPlatforms) = postSolution
		{BBA7661B-7F58-4DA5-BA5F-4B51A8326001}.Debug|Any CPU.ActiveCfg = Debug|Any CPU
		{BBA7661B-7F58-4DA5-BA5F-4B51A8326001}.Debug|Any CPU.Build.0 = Debug|Any CPU
		{BBA7661B-7F58-4DA5-BA5F-4B51A8326001}.Release|Any CPU.ActiveCfg = Release|Any CPU
		{BBA7661B-7F58-4DA5-BA5F-4B51A8326001}.Release|Any CPU.Build.0 = Release|Any CPU
	EndGlobalSection
	GlobalSection(SolutionProperties) = preSolution
		HideSolutionNode = FALSE
	EndGlobalSection
	GlobalSection(ExtensibilityGlobals) = postSolution
		SolutionGuid = {15523DD5-EB8C-46F3-995D-778326CC9EC4}
	EndGlobalSection
EndGlobal
