
Microsoft Visual Studio Solution File, Format Version 12.00
# Visual Studio 15
VisualStudioVersion = 15.0.26730.16
MinimumVisualStudioVersion = 10.0.40219.1
Project("{FAE04EC0-301F-11D3-BF4B-00C04F79EFBC}") = "MegaChallengeWar", "MegaChallengeWar\MegaChallengeWar.csproj", "{A55E6B8F-E06E-4386-86CF-0E3736201F1E}"
EndProject
Global
	GlobalSection(SolutionConfigurationPlatforms) = preSolution
		Debug|Any CPU = Debug|Any CPU
		Release|Any CPU = Release|Any CPU
	EndGlobalSection
	GlobalSection(ProjectConfigurationPlatforms) = postSolution
		{A55E6B8F-E06E-4386-86CF-0E3736201F1E}.Debug|Any CPU.ActiveCfg = Debug|Any CPU
		{A55E6B8F-E06E-4386-86CF-0E3736201F1E}.Debug|Any CPU.Build.0 = Debug|Any CPU
		{A55E6B8F-E06E-4386-86CF-0E3736201F1E}.Release|Any CPU.ActiveCfg = Release|Any CPU
		{A55E6B8F-E06E-4386-86CF-0E3736201F1E}.Release|Any CPU.Build.0 = Release|Any CPU
	EndGlobalSection
	GlobalSection(SolutionProperties) = preSolution
		HideSolutionNode = FALSE
	EndGlobalSection
	GlobalSection(ExtensibilityGlobals) = postSolution
		SolutionGuid = {4B91457A-4407-493A-B1A9-3DCE3F09DDD3}
	EndGlobalSection
EndGlobal
