
Microsoft Visual Studio Solution File, Format Version 12.00
# Visual Studio 15
VisualStudioVersion = 15.0.26730.16
MinimumVisualStudioVersion = 10.0.40219.1
Project("{FAE04EC0-301F-11D3-BF4B-00C04F79EFBC}") = "ChallengeSimpleDarts", "ChallengeSimpleDarts\ChallengeSimpleDarts.csproj", "{E52B7855-7B99-4D3E-9AD5-DA0CAF8E99A4}"
EndProject
Project("{FAE04EC0-301F-11D3-BF4B-00C04F79EFBC}") = "Darts", "Darts\Darts.csproj", "{69FC184C-10E6-4ED3-AA4B-6627BC7E4447}"
EndProject
Global
	GlobalSection(SolutionConfigurationPlatforms) = preSolution
		Debug|Any CPU = Debug|Any CPU
		Release|Any CPU = Release|Any CPU
	EndGlobalSection
	GlobalSection(ProjectConfigurationPlatforms) = postSolution
		{E52B7855-7B99-4D3E-9AD5-DA0CAF8E99A4}.Debug|Any CPU.ActiveCfg = Debug|Any CPU
		{E52B7855-7B99-4D3E-9AD5-DA0CAF8E99A4}.Debug|Any CPU.Build.0 = Debug|Any CPU
		{E52B7855-7B99-4D3E-9AD5-DA0CAF8E99A4}.Release|Any CPU.ActiveCfg = Release|Any CPU
		{E52B7855-7B99-4D3E-9AD5-DA0CAF8E99A4}.Release|Any CPU.Build.0 = Release|Any CPU
		{69FC184C-10E6-4ED3-AA4B-6627BC7E4447}.Debug|Any CPU.ActiveCfg = Debug|Any CPU
		{69FC184C-10E6-4ED3-AA4B-6627BC7E4447}.Debug|Any CPU.Build.0 = Debug|Any CPU
		{69FC184C-10E6-4ED3-AA4B-6627BC7E4447}.Release|Any CPU.ActiveCfg = Release|Any CPU
		{69FC184C-10E6-4ED3-AA4B-6627BC7E4447}.Release|Any CPU.Build.0 = Release|Any CPU
	EndGlobalSection
	GlobalSection(SolutionProperties) = preSolution
		HideSolutionNode = FALSE
	EndGlobalSection
	GlobalSection(ExtensibilityGlobals) = postSolution
		SolutionGuid = {FB9DBDA6-E849-4D4D-BD44-AE1DA25B2012}
	EndGlobalSection
EndGlobal
