
Microsoft Visual Studio Solution File, Format Version 12.00
# Visual Studio 15
VisualStudioVersion = 15.0.26730.16
MinimumVisualStudioVersion = 10.0.40219.1
Project("{FAE04EC0-301F-11D3-BF4B-00C04F79EFBC}") = "ChallengeFirstPapaBobsPizza", "ChallengeFirstPapaBobsPizza\ChallengeFirstPapaBobsPizza.csproj", "{B9B2FB09-7FA5-45BD-BDE7-FCAE94DD7B50}"
EndProject
Global
	GlobalSection(SolutionConfigurationPlatforms) = preSolution
		Debug|Any CPU = Debug|Any CPU
		Release|Any CPU = Release|Any CPU
	EndGlobalSection
	GlobalSection(ProjectConfigurationPlatforms) = postSolution
		{B9B2FB09-7FA5-45BD-BDE7-FCAE94DD7B50}.Debug|Any CPU.ActiveCfg = Debug|Any CPU
		{B9B2FB09-7FA5-45BD-BDE7-FCAE94DD7B50}.Debug|Any CPU.Build.0 = Debug|Any CPU
		{B9B2FB09-7FA5-45BD-BDE7-FCAE94DD7B50}.Release|Any CPU.ActiveCfg = Release|Any CPU
		{B9B2FB09-7FA5-45BD-BDE7-FCAE94DD7B50}.Release|Any CPU.Build.0 = Release|Any CPU
	EndGlobalSection
	GlobalSection(SolutionProperties) = preSolution
		HideSolutionNode = FALSE
	EndGlobalSection
	GlobalSection(ExtensibilityGlobals) = postSolution
		SolutionGuid = {76C2F379-E682-45BC-BEB7-DE9FC4E3DBE0}
	EndGlobalSection
EndGlobal
